// !$*UTF8*$!
{
	archiveVersion = 1;
	classes = {
	};
	objectVersion = 77;
	objects = {

/* Begin PBXBuildFile section */
		CA60EE0C2F58FC9900D50066 /* libLiteRTLM.a in Frameworks */ = {isa = PBXBuildFile; fileRef = CA60EE0B2F58FB6D00D50066 /* libLiteRTLM.a */; };
		CA60EE112F58FF0200D50066 /* Accelerate.framework in Frameworks */ = {isa = PBXBuildFile; fileRef = CA60EE102F58FF0200D50066 /* Accelerate.framework */; };
		CA60EE132F58FF0B00D50066 /* Metal.framework in Frameworks */ = {isa = PBXBuildFile; fileRef = CA60EE122F58FF0B00D50066 /* Metal.framework */; };
		CA60EE152F58FF1200D50066 /* MetalPerformanceShaders.framework in Frameworks */ = {isa = PBXBuildFile; fileRef = CA60EE142F58FF1200D50066 /* MetalPerformanceShaders.framework */; };
		CA60EE172F58FF1A00D50066 /* CoreML.framework in Frameworks */ = {isa = PBXBuildFile; fileRef = CA60EE162F58FF1A00D50066 /* CoreML.framework */; };
		CA60EE1B2F59042D00D50066 /* AVFoundation.framework in Frameworks */ = {isa = PBXBuildFile; fileRef = CA60EE1A2F59042D00D50066 /* AVFoundation.framework */; };
		CA60EE1D2F59043500D50066 /* AudioToolbox.framework in Frameworks */ = {isa = PBXBuildFile; fileRef = CA60EE1C2F59043500D50066 /* AudioToolbox.framework */; };
		CA60EE1F2F59129900D50066 /* libGemmaModelConstraintProvider.dylib in Frameworks */ = {isa = PBXBuildFile; fileRef = CA60EE1E2F59129900D50066 /* libGemmaModelConstraintProvider.dylib */; };
		CA60EE202F59129900D50066 /* libGemmaModelConstraintProvider.dylib in Embed Libraries */ = {isa = PBXBuildFile; fileRef = CA60EE1E2F59129900D50066 /* libGemmaModelConstraintProvider.dylib */; settings = {ATTRIBUTES = (CodeSignOnCopy, ); }; };
		CA93527B2F6CB3E30020BB73 /* libLiteRTLM_rust.a in Frameworks */ = {isa = PBXBuildFile; fileRef = CA93527A2F6CB3E30020BB73 /* libLiteRTLM_rust.a */; };
/* End PBXBuildFile section */

/* Begin PBXCopyFilesBuildPhase section */
		CA60EE212F59129900D50066 /* Embed Libraries */ = {
			isa = PBXCopyFilesBuildPhase;
			buildActionMask = 2147483647;
			dstPath = "";
			dstSubfolderSpec = 10;
			files = (
				CA60EE202F59129900D50066 /* libGemmaModelConstraintProvider.dylib in Embed Libraries */,
			);
			name = "Embed Libraries";
			runOnlyForDeploymentPostprocessing = 0;
		};
/* End PBXCopyFilesBuildPhase section */

/* Begin PBXFileReference section */
		CA60EDEF2F57FF4300D50066 /* EdgeBridge.app */ = {isa = PBXFileReference; explicitFileType = wrapper.application; includeInIndex = 0; path = EdgeBridge.app; sourceTree = BUILT_PRODUCTS_DIR; };
		CA60EE0B2F58FB6D00D50066 /* libLiteRTLM.a */ = {isa = PBXFileReference; lastKnownFileType = archive.ar; name = libLiteRTLM.a; path = Libs/libLiteRTLM.a; sourceTree = "<group>"; };
		CA60EE102F58FF0200D50066 /* Accelerate.framework */ = {isa = PBXFileReference; lastKnownFileType = wrapper.framework; name = Accelerate.framework; path = System/Library/Frameworks/Accelerate.framework; sourceTree = SDKROOT; };
		CA60EE122F58FF0B00D50066 /* Metal.framework */ = {isa = PBXFileReference; lastKnownFileType = wrapper.framework; name = Metal.framework; path = System/Library/Frameworks/Metal.framework; sourceTree = SDKROOT; };
		CA60EE142F58FF1200D50066 /* MetalPerformanceShaders.framework */ = {isa = PBXFileReference; lastKnownFileType = wrapper.framework; name = MetalPerformanceShaders.framework; path = System/Library/Frameworks/MetalPerformanceShaders.framework; sourceTree = SDKROOT; };
		CA60EE162F58FF1A00D50066 /* CoreML.framework */ = {isa = PBXFileReference; lastKnownFileType = wrapper.framework; name = CoreML.framework; path = System/Library/Frameworks/CoreML.framework; sourceTree = SDKROOT; };
		CA60EE1A2F59042D00D50066 /* AVFoundation.framework */ = {isa = PBXFileReference; lastKnownFileType = wrapper.framework; name = AVFoundation.framework; path = System/Library/Frameworks/AVFoundation.framework; sourceTree = SDKROOT; };
		CA60EE1C2F59043500D50066 /* AudioToolbox.framework */ = {isa = PBXFileReference; lastKnownFileType = wrapper.framework; name = AudioToolbox.framework; path = System/Library/Frameworks/AudioToolbox.framework; sourceTree = SDKROOT; };
		CA60EE1E2F59129900D50066 /* libGemmaModelConstraintProvider.dylib */ = {isa = PBXFileReference; lastKnownFileType = "compiled.mach-o.dylib"; name = libGemmaModelConstraintProvider.dylib; path = Libs/libGemmaModelConstraintProvider.dylib; sourceTree = "<group>"; };
		CA93527A2F6CB3E30020BB73 /* libLiteRTLM_rust.a */ = {isa = PBXFileReference; lastKnownFileType = archive.ar; name = libLiteRTLM_rust.a; path = Libs/libLiteRTLM_rust.a; sourceTree = "<group>"; };
/* End PBXFileReference section */

/* Begin PBXFileSystemSynchronizedBuildFileExceptionSet section */
		CA60EE192F58FFB400D50066 /* Exceptions for "EdgeBridge" folder in "EdgeBridge" target */ = {
			isa = PBXFileSystemSynchronizedBuildFileExceptionSet;
			membershipExceptions = (
				Info.plist,
			);
			target = CA60EDEE2F57FF4300D50066 /* EdgeBridge */;
		};
/* End PBXFileSystemSynchronizedBuildFileExceptionSet section */

/* Begin PBXFileSystemSynchronizedRootGroup section */
		CA60EDF12F57FF4300D50066 /* EdgeBridge */ = {
			isa = PBXFileSystemSynchronizedRootGroup;
			exceptions = (
				CA60EE192F58FFB400D50066 /* Exceptions for "EdgeBridge" folder in "EdgeBridge" target */,
			);
			path = EdgeBridge;
			sourceTree = "<group>";
		};
/* End PBXFileSystemSynchronizedRootGroup section */

/* Begin PBXFrameworksBuildPhase section */
		CA60EDEC2F57FF4300D50066 /* Frameworks */ = {
			isa = PBXFrameworksBuildPhase;
			buildActionMask = 2147483647;
			files = (
				CA93527B2F6CB3E30020BB73 /* libLiteRTLM_rust.a in Frameworks */,
				CA60EE152F58FF1200D50066 /* MetalPerformanceShaders.framework in Frameworks */,
				CA60EE0C2F58FC9900D50066 /* libLiteRTLM.a in Frameworks */,
				CA60EE1B2F59042D00D50066 /* AVFoundation.framework in Frameworks */,
				CA60EE172F58FF1A00D50066 /* CoreML.framework in Frameworks */,
				CA60EE1D2F59043500D50066 /* AudioToolbox.framework in Frameworks */,
				CA60EE132F58FF0B00D50066 /* Metal.framework in Frameworks */,
				CA60EE1F2F59129900D50066 /* libGemmaModelConstraintProvider.dylib in Frameworks */,
				CA60EE112F58FF0200D50066 /* Accelerate.framework in Frameworks */,
			);
			runOnlyForDeploymentPostprocessing = 0;
		};
/* End PBXFrameworksBuildPhase section */

/* Begin PBXGroup section */
		CA60EDE62F57FF4300D50066 = {
			isa = PBXGroup;
			children = (
				CA60EDF12F57FF4300D50066 /* EdgeBridge */,
				CA60EE0A2F58FB6D00D50066 /* Frameworks */,
				CA60EDF02F57FF4300D50066 /* Products */,
			);
			sourceTree = "<group>";
		};
		CA60EDF02F57FF4300D50066 /* Products */ = {
			isa = PBXGroup;
			children = (
				CA60EDEF2F57FF4300D50066 /* EdgeBridge.app */,
			);
			name = Products;
			sourceTree = "<group>";
		};
		CA60EE0A2F58FB6D00D50066 /* Frameworks */ = {
			isa = PBXGroup;
			children = (
				CA93527A2F6CB3E30020BB73 /* libLiteRTLM_rust.a */,
				CA60EE1E2F59129900D50066 /* libGemmaModelConstraintProvider.dylib */,
				CA60EE1C2F59043500D50066 /* AudioToolbox.framework */,
				CA60EE1A2F59042D00D50066 /* AVFoundation.framework */,
				CA60EE162F58FF1A00D50066 /* CoreML.framework */,
				CA60EE142F58FF1200D50066 /* MetalPerformanceShaders.framework */,
				CA60EE122F58FF0B00D50066 /* Metal.framework */,
				CA60EE102F58FF0200D50066 /* Accelerate.framework */,
				CA60EE0B2F58FB6D00D50066 /* libLiteRTLM.a */,
			);
			name = Frameworks;
			sourceTree = "<group>";
		};
/* End PBXGroup section */

/* Begin PBXNativeTarget section */
		CA60EDEE2F57FF4300D50066 /* EdgeBridge */ = {
			isa = PBXNativeTarget;
			buildConfigurationList = CA60EDFA2F57FF4500D50066 /* Build configuration list for PBXNativeTarget "EdgeBridge" */;
			buildPhases = (
				CA60EDEB2F57FF4300D50066 /* Sources */,
				CA60EDEC2F57FF4300D50066 /* Frameworks */,
				CA60EDED2F57FF4300D50066 /* Resources */,
				CA60EE212F59129900D50066 /* Embed Libraries */,
			);
			buildRules = (
			);
			dependencies = (
			);
			fileSystemSynchronizedGroups = (
				CA60EDF12F57FF4300D50066 /* EdgeBridge */,
			);
			name = EdgeBridge;
			packageProductDependencies = (
			);
			productName = EdgeBridge;
			productReference = CA60EDEF2F57FF4300D50066 /* EdgeBridge.app */;
			productType = "com.apple.product-type.application";
		};
/* End PBXNativeTarget section */

/* Begin PBXProject section */
		CA60EDE72F57FF4300D50066 /* Project object */ = {
			isa = PBXProject;
			attributes = {
				BuildIndependentTargetsInParallel = 1;
				LastSwiftUpdateCheck = 2620;
				LastUpgradeCheck = 2620;
				TargetAttributes = {
					CA60EDEE2F57FF4300D50066 = {
						CreatedOnToolsVersion = 26.2;
						LastSwiftMigration = 2620;
					};
				};
			};
			buildConfigurationList = CA60EDEA2F57FF4300D50066 /* Build configuration list for PBXProject "EdgeBridge" */;
			developmentRegion = en;
			hasScannedForEncodings = 0;
			knownRegions = (
				en,
				Base,
			);
			mainGroup = CA60EDE62F57FF4300D50066;
			minimizedProjectReferenceProxies = 1;
			preferredProjectObjectVersion = 77;
			productRefGroup = CA60EDF02F57FF4300D50066 /* Products */;
			projectDirPath = "";
			projectRoot = "";
			targets = (
				CA60EDEE2F57FF4300D50066 /* EdgeBridge */,
			);
		};
/* End PBXProject section */

/* Begin PBXResourcesBuildPhase section */
		CA60EDED2F57FF4300D50066 /* Resources */ = {
			isa = PBXResourcesBuildPhase;
			buildActionMask = 2147483647;
			files = (
			);
			runOnlyForDeploymentPostprocessing = 0;
		};
/* End PBXResourcesBuildPhase section */

/* Begin PBXSourcesBuildPhase section */
		CA60EDEB2F57FF4300D50066 /* Sources */ = {
			isa = PBXSourcesBuildPhase;
			buildActionMask = 2147483647;
			files = (
			);
			runOnlyForDeploymentPostprocessing = 0;
		};
/* End PBXSourcesBuildPhase section */

/* Begin XCBuildConfiguration section */
		CA60EDF82F57FF4500D50066 /* Debug */ = {
			isa = XCBuildConfiguration;
			buildSettings = {
				ALWAYS_SEARCH_USER_PATHS = NO;
				ASSETCATALOG_COMPILER_GENERATE_SWIFT_ASSET_SYMBOL_EXTENSIONS = YES;
				CLANG_ANALYZER_NONNULL = YES;
				CLANG_ANALYZER_NUMBER_OBJECT_CONVERSION = YES_AGGRESSIVE;
				CLANG_CXX_LANGUAGE_STANDARD = "gnu++20";
				CLANG_ENABLE_MODULES = YES;
				CLANG_ENABLE_OBJC_ARC = YES;
				CLANG_ENABLE_OBJC_WEAK = YES;
				CLANG_WARN_BLOCK_CAPTURE_AUTORELEASING = YES;
				CLANG_WARN_BOOL_CONVERSION = YES;
				CLANG_WARN_COMMA = YES;
				CLANG_WARN_CONSTANT_CONVERSION = YES;
				CLANG_WARN_DEPRECATED_OBJC_IMPLEMENTATIONS = YES;
				CLANG_WARN_DIRECT_OBJC_ISA_USAGE = YES_ERROR;
				CLANG_WARN_DOCUMENTATION_COMMENTS = YES;
				CLANG_WARN_EMPTY_BODY = YES;
				CLANG_WARN_ENUM_CONVERSION = YES;
				CLANG_WARN_INFINITE_RECURSION = YES;
				CLANG_WARN_INT_CONVERSION = YES;
				CLANG_WARN_NON_LITERAL_NULL_CONVERSION = YES;
				CLANG_WARN_OBJC_IMPLICIT_RETAIN_SELF = YES;
				CLANG_WARN_OBJC_LITERAL_CONVERSION = YES;
				CLANG_WARN_OBJC_ROOT_CLASS = YES_ERROR;
				CLANG_WARN_QUOTED_INCLUDE_IN_FRAMEWORK_HEADER = YES;
				CLANG_WARN_RANGE_LOOP_ANALYSIS = YES;
				CLANG_WARN_STRICT_PROTOTYPES = YES;
				CLANG_WARN_SUSPICIOUS_MOVE = YES;
				CLANG_WARN_UNGUARDED_AVAILABILITY = YES_AGGRESSIVE;
				CLANG_WARN_UNREACHABLE_CODE = YES;
				CLANG_WARN__DUPLICATE_METHOD_MATCH = YES;
				COPY_PHASE_STRIP = NO;
				DEBUG_INFORMATION_FORMAT = dwarf;
				ENABLE_STRICT_OBJC_MSGSEND = YES;
				ENABLE_TESTABILITY = YES;
				ENABLE_USER_SCRIPT_SANDBOXING = YES;
				GCC_C_LANGUAGE_STANDARD = gnu17;
				GCC_DYNAMIC_NO_PIC = NO;
				GCC_NO_COMMON_BLOCKS = YES;
				GCC_OPTIMIZATION_LEVEL = 0;
				GCC_PREPROCESSOR_DEFINITIONS = (
					"DEBUG=1",
					"$(inherited)",
				);
				GCC_WARN_64_TO_32_BIT_CONVERSION = YES;
				GCC_WARN_ABOUT_RETURN_TYPE = YES_ERROR;
				GCC_WARN_UNDECLARED_SELECTOR = YES;
				GCC_WARN_UNINITIALIZED_AUTOS = YES_AGGRESSIVE;
				GCC_WARN_UNUSED_FUNCTION = YES;
				GCC_WARN_UNUSED_VARIABLE = YES;
				IPHONEOS_DEPLOYMENT_TARGET = 26.2;
				LOCALIZATION_PREFERS_STRING_CATALOGS = YES;
				MTL_ENABLE_DEBUG_INFO = INCLUDE_SOURCE;
				MTL_FAST_MATH = YES;
				ONLY_ACTIVE_ARCH = YES;
				SDKROOT = iphoneos;
				SWIFT_ACTIVE_COMPILATION_CONDITIONS = "DEBUG $(inherited)";
				SWIFT_OPTIMIZATION_LEVEL = "-Onone";
			};
			name = Debug;
		};
		CA60EDF92F57FF4500D50066 /* Release */ = {
			isa = XCBuildConfiguration;
			buildSettings = {
				ALWAYS_SEARCH_USER_PATHS = NO;
				ASSETCATALOG_COMPILER_GENERATE_SWIFT_ASSET_SYMBOL_EXTENSIONS = YES;
				CLANG_ANALYZER_NONNULL = YES;
				CLANG_ANALYZER_NUMBER_OBJECT_CONVERSION = YES_AGGRESSIVE;
				CLANG_CXX_LANGUAGE_STANDARD = "gnu++20";
				CLANG_ENABLE_MODULES = YES;
				CLANG_ENABLE_OBJC_ARC = YES;
				CLANG_ENABLE_OBJC_WEAK = YES;
				CLANG_WARN_BLOCK_CAPTURE_AUTORELEASING = YES;
				CLANG_WARN_BOOL_CONVERSION = YES;
				CLANG_WARN_COMMA = YES;
				CLANG_WARN_CONSTANT_CONVERSION = YES;
				CLANG_WARN_DEPRECATED_OBJC_IMPLEMENTATIONS = YES;
				CLANG_WARN_DIRECT_OBJC_ISA_USAGE = YES_ERROR;
				CLANG_WARN_DOCUMENTATION_COMMENTS = YES;
				CLANG_WARN_EMPTY_BODY = YES;
				CLANG_WARN_ENUM_CONVERSION = YES;
				CLANG_WARN_INFINITE_RECURSION = YES;
				CLANG_WARN_INT_CONVERSION = YES;
				CLANG_WARN_NON_LITERAL_NULL_CONVERSION = YES;
				CLANG_WARN_OBJC_IMPLICIT_RETAIN_SELF = YES;
				CLANG_WARN_OBJC_LITERAL_CONVERSION = YES;
				CLANG_WARN_OBJC_ROOT_CLASS = YES_ERROR;
				CLANG_WARN_QUOTED_INCLUDE_IN_FRAMEWORK_HEADER = YES;
				CLANG_WARN_RANGE_LOOP_ANALYSIS = YES;
				CLANG_WARN_STRICT_PROTOTYPES = YES;
				CLANG_WARN_SUSPICIOUS_MOVE = YES;
				CLANG_WARN_UNGUARDED_AVAILABILITY = YES_AGGRESSIVE;
				CLANG_WARN_UNREACHABLE_CODE = YES;
				CLANG_WARN__DUPLICATE_METHOD_MATCH = YES;
				COPY_PHASE_STRIP = NO;
				DEBUG_INFORMATION_FORMAT = "dwarf-with-dsym";
				ENABLE_NS_ASSERTIONS = NO;
				ENABLE_STRICT_OBJC_MSGSEND = YES;
				ENABLE_USER_SCRIPT_SANDBOXING = YES;
				GCC_C_LANGUAGE_STANDARD = gnu17;
				GCC_NO_COMMON_BLOCKS = YES;
				GCC_WARN_64_TO_32_BIT_CONVERSION = YES;
				GCC_WARN_ABOUT_RETURN_TYPE = YES_ERROR;
				GCC_WARN_UNDECLARED_SELECTOR = YES;
				GCC_WARN_UNINITIALIZED_AUTOS = YES_AGGRESSIVE;
				GCC_WARN_UNUSED_FUNCTION = YES;
				GCC_WARN_UNUSED_VARIABLE = YES;
				IPHONEOS_DEPLOYMENT_TARGET = 26.2;
				LOCALIZATION_PREFERS_STRING_CATALOGS = YES;
				MTL_ENABLE_DEBUG_INFO = NO;
				MTL_FAST_MATH = YES;
				SDKROOT = iphoneos;
				SWIFT_COMPILATION_MODE = wholemodule;
				VALIDATE_PRODUCT = YES;
			};
			name = Release;
		};
		CA60EDFB2F57FF4500D50066 /* Debug */ = {
			isa = XCBuildConfiguration;
			buildSettings = {
				ASSETCATALOG_COMPILER_APPICON_NAME = AppIcon;
				ASSETCATALOG_COMPILER_GLOBAL_ACCENT_COLOR_NAME = AccentColor;
				CLANG_ENABLE_MODULES = YES;
				CODE_SIGN_ENTITLEMENTS = EdgeBridge/EdgeBridge.entitlements;
				CODE_SIGN_STYLE = Automatic;
				CURRENT_PROJECT_VERSION = 1;
				DEVELOPMENT_TEAM = R66MJNV8T6;
				ENABLE_PREVIEWS = YES;
				GENERATE_INFOPLIST_FILE = YES;
				HEADER_SEARCH_PATHS = "$(PROJECT_DIR)/Libs/**";
				INFOPLIST_FILE = EdgeBridge/Info.plist;
				INFOPLIST_KEY_LSSupportsOpeningDocumentsInPlace = YES;
				INFOPLIST_KEY_NSCalendarsFullAccessUsageDescription = "EdgeBridge needs access to your calendar to help manage your schedule.";
				INFOPLIST_KEY_UIApplicationSceneManifest_Generation = YES;
				INFOPLIST_KEY_UIApplicationSupportsIndirectInputEvents = YES;
				INFOPLIST_KEY_UILaunchScreen_Generation = YES;
				INFOPLIST_KEY_UISupportedInterfaceOrientations_iPad = "UIInterfaceOrientationPortrait UIInterfaceOrientationPortraitUpsideDown UIInterfaceOrientationLandscapeLeft UIInterfaceOrientationLandscapeRight";
				INFOPLIST_KEY_UISupportedInterfaceOrientations_iPhone = "UIInterfaceOrientationPortrait UIInterfaceOrientationLandscapeLeft UIInterfaceOrientationLandscapeRight";
				LD_RUNPATH_SEARCH_PATHS = (
					"$(inherited)",
					"@executable_path/Frameworks",
				);
				LIBRARY_SEARCH_PATHS = (
					"$(inherited)",
					"$(PROJECT_DIR)/Libs",
				);
				MARKETING_VERSION = 1.0;
				OTHER_LDFLAGS = (
					"-lc++",
					"-lz",
					"-force_load",
					"$(PROJECT_DIR)/Libs/libLiteRTLM.a",
				);
				PRODUCT_BUNDLE_IDENTIFIER = com.amoghghadge.EdgeBridge;
				PRODUCT_NAME = "$(TARGET_NAME)";
				STRING_CATALOG_GENERATE_SYMBOLS = YES;
				SWIFT_APPROACHABLE_CONCURRENCY = YES;
				SWIFT_DEFAULT_ACTOR_ISOLATION = MainActor;
				SWIFT_EMIT_LOC_STRINGS = YES;
				SWIFT_INCLUDE_PATHS = "$(SRCROOT)/EdgeBridge/Bridge";
				SWIFT_OBJC_BRIDGING_HEADER = "EdgeBridge/EdgeBridge-Bridging-Header.h";
				SWIFT_OBJC_INTEROP_MODE = objc;
				SWIFT_OPTIMIZATION_LEVEL = "-Onone";
				SWIFT_UPCOMING_FEATURE_MEMBER_IMPORT_VISIBILITY = YES;
				SWIFT_VERSION = 5.0;
				TARGETED_DEVICE_FAMILY = "1,2";
			};
			name = Debug;
		};
		CA60EDFC2F57FF4500D50066 /* Release */ = {
			isa = XCBuildConfiguration;
			buildSettings = {
				ASSETCATALOG_COMPILER_APPICON_NAME = AppIcon;
				ASSETCATALOG_COMPILER_GLOBAL_ACCENT_COLOR_NAME = AccentColor;
				CLANG_ENABLE_MODULES = YES;
				CODE_SIGN_ENTITLEMENTS = EdgeBridge/EdgeBridge.entitlements;
				CODE_SIGN_STYLE = Automatic;
				CURRENT_PROJECT_VERSION = 1;
				DEVELOPMENT_TEAM = R66MJNV8T6;
				ENABLE_PREVIEWS = YES;
				GENERATE_INFOPLIST_FILE = YES;
				HEADER_SEARCH_PATHS = "$(PROJECT_DIR)/Libs/**";
				INFOPLIST_FILE = EdgeBridge/Info.plist;
				INFOPLIST_KEY_LSSupportsOpeningDocumentsInPlace = YES;
				INFOPLIST_KEY_NSCalendarsFullAccessUsageDescription = "EdgeBridge needs access to your calendar to help manage your schedule.";
				INFOPLIST_KEY_UIApplicationSceneManifest_Generation = YES;
				INFOPLIST_KEY_UIApplicationSupportsIndirectInputEvents = YES;
				INFOPLIST_KEY_UILaunchScreen_Generation = YES;
				INFOPLIST_KEY_UISupportedInterfaceOrientations_iPad = "UIInterfaceOrientationPortrait UIInterfaceOrientationPortraitUpsideDown UIInterfaceOrientationLandscapeLeft UIInterfaceOrientationLandscapeRight";
				INFOPLIST_KEY_UISupportedInterfaceOrientations_iPhone = "UIInterfaceOrientationPortrait UIInterfaceOrientationLandscapeLeft UIInterfaceOrientationLandscapeRight";
				LD_RUNPATH_SEARCH_PATHS = (
					"$(inherited)",
					"@executable_path/Frameworks",
				);
				LIBRARY_SEARCH_PATHS = (
					"$(inherited)",
					"$(PROJECT_DIR)/Libs",
				);
				MARKETING_VERSION = 1.0;
				OTHER_LDFLAGS = (
					"-lc++",
					"-lz",
					"-force_load",
					"$(PROJECT_DIR)/Libs/libLiteRTLM.a",
				);
				PRODUCT_BUNDLE_IDENTIFIER = com.amoghghadge.EdgeBridge;
				PRODUCT_NAME = "$(TARGET_NAME)";
				STRING_CATALOG_GENERATE_SYMBOLS = YES;
				SWIFT_APPROACHABLE_CONCURRENCY = YES;
				SWIFT_DEFAULT_ACTOR_ISOLATION = MainActor;
				SWIFT_EMIT_LOC_STRINGS = YES;
				SWIFT_INCLUDE_PATHS = "$(SRCROOT)/EdgeBridge/Bridge";
				SWIFT_OBJC_BRIDGING_HEADER = "EdgeBridge/EdgeBridge-Bridging-Header.h";
				SWIFT_OBJC_INTEROP_MODE = objc;
				SWIFT_UPCOMING_FEATURE_MEMBER_IMPORT_VISIBILITY = YES;
				SWIFT_VERSION = 5.0;
				TARGETED_DEVICE_FAMILY = "1,2";
			};
			name = Release;
		};
/* End XCBuildConfiguration section */

/* Begin XCConfigurationList section */
		CA60EDEA2F57FF4300D50066 /* Build configuration list for PBXProject "EdgeBridge" */ = {
			isa = XCConfigurationList;
			buildConfigurations = (
				CA60EDF82F57FF4500D50066 /* Debug */,
				CA60EDF92F57FF4500D50066 /* Release */,
			);
			defaultConfigurationIsVisible = 0;
			defaultConfigurationName = Release;
		};
		CA60EDFA2F57FF4500D50066 /* Build configuration list for PBXNativeTarget "EdgeBridge" */ = {
			isa = XCConfigurationList;
			buildConfigurations = (
				CA60EDFB2F57FF4500D50066 /* Debug */,
				CA60EDFC2F57FF4500D50066 /* Release */,
			);
			defaultConfigurationIsVisible = 0;
			defaultConfigurationName = Release;
		};
/* End XCConfigurationList section */
	};
	rootObject = CA60EDE72F57FF4300D50066 /* Project object */;
}
